
Microsoft Visual Studio Solution File, Format Version 12.00
# Visual Studio Version 17
VisualStudioVersion = 17.8.34525.116
MinimumVisualStudioVersion = 10.0.40219.1
Project("{FAE04EC0-301F-11D3-BF4B-00C04F79EFBC}") = "GestionMessage", "GestionMessage\GestionMessage.csproj", "{45DC27BD-1930-4751-9371-78C9ADF16759}"
EndProject
Global
	GlobalSection(SolutionConfigurationPlatforms) = preSolution
		Debug|Any CPU = Debug|Any CPU
		Release|Any CPU = Release|Any CPU
	EndGlobalSection
	GlobalSection(ProjectConfigurationPlatforms) = postSolution
		{45DC27BD-1930-4751-9371-78C9ADF16759}.Debug|Any CPU.ActiveCfg = Debug|Any CPU
		{45DC27BD-1930-4751-9371-78C9ADF16759}.Debug|Any CPU.Build.0 = Debug|Any CPU
		{45DC27BD-1930-4751-9371-78C9ADF16759}.Release|Any CPU.ActiveCfg = Release|Any CPU
		{45DC27BD-1930-4751-9371-78C9ADF16759}.Release|Any CPU.Build.0 = Release|Any CPU
	EndGlobalSection
	GlobalSection(SolutionProperties) = preSolution
		HideSolutionNode = FALSE
	EndGlobalSection
	GlobalSection(ExtensibilityGlobals) = postSolution
		SolutionGuid = {3853AFBA-7C99-44E5-90F4-7B1DEAD3DA7A}
	EndGlobalSection
EndGlobal
